
Microsoft Visual Studio Solution File, Format Version 12.00
# Visual Studio 15
VisualStudioVersion = 15.0.28307.1062
MinimumVisualStudioVersion = 10.0.40219.1
Project("{FAE04EC0-301F-11D3-BF4B-00C04F79EFBC}") = "DynamicsCRM.Console", "Dynamics CRM\DynamicsCRM.Console.csproj", "{02B3D8C4-B888-430D-8A62-8AF25F474D79}"
EndProject
Project("{FAE04EC0-301F-11D3-BF4B-00C04F79EFBC}") = "DynamicsCRM.Bll", "DynamicsCRM.Bll\DynamicsCRM.Bll.csproj", "{D026644C-5FE2-4E1E-84B8-FFB7CEDED87F}"
EndProject
Project("{FAE04EC0-301F-11D3-BF4B-00C04F79EFBC}") = "DynamicsCRM.Entity", "DynamicsCRM.Entity\DynamicsCRM.Entity.csproj", "{C4CF6844-18B1-44D8-B7CB-C18CD8668B74}"
EndProject
Project("{FAE04EC0-301F-11D3-BF4B-00C04F79EFBC}") = "DynamicsCRM.Dal", "DynamicsCRM.Dal\DynamicsCRM.Dal.csproj", "{854832AF-77F6-45A8-B9A4-55D3D5C0E275}"
EndProject
Project("{FAE04EC0-301F-11D3-BF4B-00C04F79EFBC}") = "WebPortalUser", "WebPortalUser\WebPortalUser.csproj", "{3D9C466C-3F76-4BD8-A2A1-35D991B8E074}"
EndProject
Project("{FAE04EC0-301F-11D3-BF4B-00C04F79EFBC}") = "KMWG_MVCApp", "KMWG_MVCApp\KMWG_MVCApp.csproj", "{D5FB5A04-7E47-4A31-9CCF-31E9B9BAD02F}"
EndProject
Global
	GlobalSection(CrmCodeGeneration) = preSolution
		UseSSL = True
		UseIFD = False
		UseOnline = True
		UseOffice365 = True
		ServerName = crm4.dynamics.com
		ServerPort = 
		HomeRealm = 
		Domain = 
		WindowsAuthorization = False
		Organization = uzmancrmdemos
		IncludeEntities = account,contact,systemuser,uzm_account,uzm_category,uzm_city,uzm_country,uzm_incident,uzm_portaluser
		IncludeNonStandard = True
	EndGlobalSection
	GlobalSection(SolutionConfigurationPlatforms) = preSolution
		Debug|Any CPU = Debug|Any CPU
		Release|Any CPU = Release|Any CPU
	EndGlobalSection
	GlobalSection(ProjectConfigurationPlatforms) = postSolution
		{02B3D8C4-B888-430D-8A62-8AF25F474D79}.Debug|Any CPU.ActiveCfg = Debug|Any CPU
		{02B3D8C4-B888-430D-8A62-8AF25F474D79}.Debug|Any CPU.Build.0 = Debug|Any CPU
		{02B3D8C4-B888-430D-8A62-8AF25F474D79}.Release|Any CPU.ActiveCfg = Release|Any CPU
		{02B3D8C4-B888-430D-8A62-8AF25F474D79}.Release|Any CPU.Build.0 = Release|Any CPU
		{D026644C-5FE2-4E1E-84B8-FFB7CEDED87F}.Debug|Any CPU.ActiveCfg = Debug|Any CPU
		{D026644C-5FE2-4E1E-84B8-FFB7CEDED87F}.Debug|Any CPU.Build.0 = Debug|Any CPU
		{D026644C-5FE2-4E1E-84B8-FFB7CEDED87F}.Release|Any CPU.ActiveCfg = Release|Any CPU
		{D026644C-5FE2-4E1E-84B8-FFB7CEDED87F}.Release|Any CPU.Build.0 = Release|Any CPU
		{C4CF6844-18B1-44D8-B7CB-C18CD8668B74}.Debug|Any CPU.ActiveCfg = Debug|Any CPU
		{C4CF6844-18B1-44D8-B7CB-C18CD8668B74}.Debug|Any CPU.Build.0 = Debug|Any CPU
		{C4CF6844-18B1-44D8-B7CB-C18CD8668B74}.Release|Any CPU.ActiveCfg = Release|Any CPU
		{C4CF6844-18B1-44D8-B7CB-C18CD8668B74}.Release|Any CPU.Build.0 = Release|Any CPU
		{854832AF-77F6-45A8-B9A4-55D3D5C0E275}.Debug|Any CPU.ActiveCfg = Debug|Any CPU
		{854832AF-77F6-45A8-B9A4-55D3D5C0E275}.Debug|Any CPU.Build.0 = Debug|Any CPU
		{854832AF-77F6-45A8-B9A4-55D3D5C0E275}.Release|Any CPU.ActiveCfg = Release|Any CPU
		{854832AF-77F6-45A8-B9A4-55D3D5C0E275}.Release|Any CPU.Build.0 = Release|Any CPU
		{3D9C466C-3F76-4BD8-A2A1-35D991B8E074}.Debug|Any CPU.ActiveCfg = Debug|Any CPU
		{3D9C466C-3F76-4BD8-A2A1-35D991B8E074}.Debug|Any CPU.Build.0 = Debug|Any CPU
		{3D9C466C-3F76-4BD8-A2A1-35D991B8E074}.Release|Any CPU.ActiveCfg = Release|Any CPU
		{3D9C466C-3F76-4BD8-A2A1-35D991B8E074}.Release|Any CPU.Build.0 = Release|Any CPU
		{D5FB5A04-7E47-4A31-9CCF-31E9B9BAD02F}.Debug|Any CPU.ActiveCfg = Debug|Any CPU
		{D5FB5A04-7E47-4A31-9CCF-31E9B9BAD02F}.Debug|Any CPU.Build.0 = Debug|Any CPU
		{D5FB5A04-7E47-4A31-9CCF-31E9B9BAD02F}.Release|Any CPU.ActiveCfg = Release|Any CPU
		{D5FB5A04-7E47-4A31-9CCF-31E9B9BAD02F}.Release|Any CPU.Build.0 = Release|Any CPU
	EndGlobalSection
	GlobalSection(SolutionProperties) = preSolution
		HideSolutionNode = FALSE
	EndGlobalSection
	GlobalSection(ExtensibilityGlobals) = postSolution
		SolutionGuid = {1384D87F-D2AA-4C7B-BD3B-58270A194665}
	EndGlobalSection
EndGlobal
